<?xml version="1.0" encoding="utf-8"?>
<Project ToolsVersion="4.0" xmlns="http://schemas.microsoft.com/developer/msbuild/2003">
  <ItemGroup>
    <Filter Include="Source Files">
      <UniqueIdentifier>{4FC737F1-C7A5-4376-A066-2A32D752A2FF}</UniqueIdentifier>
      <Extensions>cpp;c;cc;cxx;def;odl;idl;hpj;bat;asm;asmx</Extensions>
    </Filter>
    <Filter Include="Header Files">
      <UniqueIdentifier>{93995380-89BD-4b04-88EB-625FBE52EBFB}</UniqueIdentifier>
      <Extensions>h;hh;hpp;hxx;hm;inl;inc;xsd</Extensions>
    </Filter>
    <Filter Include="Resource Files">
      <UniqueIdentifier>{67DA6AB6-F800-4c08-8B7A-83BB121AAD01}</UniqueIdentifier>
      <Extensions>rc;ico;cur;bmp;dlg;rc2;rct;bin;rgs;gif;jpg;jpeg;jpe;resx;tiff;tif;png;wav</Extensions>
    </Filter>
  </ItemGroup>
  <ItemGroup>
    <ClCompile Include="assorted\algorithm.cpp">
      <Filter>Source Files</Filter>
    </ClCompile>
    <ClCompile Include="assorted\assorted_sorts.cpp">
      <Filter>Source Files</Filter>
    </ClCompile>
    <ClCompile Include="assorted\backtrack.cpp">
      <Filter>Source Files</Filter>
    </ClCompile>
    <ClCompile Include="assorted\bitwise_permutations.cpp">
      <Filter>Source Files</Filter>
    </ClCompile>
    <ClCompile Include="assorted\diamondcut.cpp">
      <Filter>Source Files</Filter>
    </ClCompile>
    <ClCompile Include="assorted\knapsack.cpp">
      <Filter>Source Files</Filter>
    </ClCompile>
    <ClCompile Include="assorted\openglitters.cpp">
      <Filter>Source Files</Filter>
    </ClCompile>
    <ClCompile Include="assorted\quicksort.cpp">
      <Filter>Source Files</Filter>
    </ClCompile>
    <ClCompile Include="assorted\random.cpp">
      <Filter>Source Files</Filter>
    </ClCompile>
    <ClCompile Include="assorted\simplex.cpp">
      <Filter>Source Files</Filter>
    </ClCompile>
    <ClCompile Include="assorted\speed-test.cpp">
      <Filter>Source Files</Filter>
    </ClCompile>
    <ClCompile Include="assorted\util.cpp">
      <Filter>Source Files</Filter>
    </ClCompile>
    <ClCompile Include="assorted\zenballmaster.cpp">
      <Filter>Source Files</Filter>
    </ClCompile>
    <ClCompile Include="assorted\datastructs.c">
      <Filter>Source Files</Filter>
    </ClCompile>
    <ClCompile Include="concurrency\single_task_queue.cpp">
      <Filter>Source Files</Filter>
    </ClCompile>
    <ClCompile Include="cpp_concepts\exceptional_guidelines.cpp">
      <Filter>Source Files</Filter>
    </ClCompile>
    <ClCompile Include="cpp_concepts\exceptionsafe_stack.cpp">
      <Filter>Source Files</Filter>
    </ClCompile>
    <ClCompile Include="cpp_concepts\expressions.cpp">
      <Filter>Source Files</Filter>
    </ClCompile>
    <ClCompile Include="cpp_concepts\inheritance.cpp">
      <Filter>Source Files</Filter>
    </ClCompile>
    <ClCompile Include="cpp_concepts\iterators.cpp">
      <Filter>Source Files</Filter>
    </ClCompile>
    <ClCompile Include="cpp_concepts\smart_pointers.cpp">
      <Filter>Source Files</Filter>
    </ClCompile>
    <ClCompile Include="cpp_concepts\templates.cpp">
      <Filter>Source Files</Filter>
    </ClCompile>
    <ClCompile Include="dynamic_programming\dynapro_approx_string_matching.cpp">
      <Filter>Source Files</Filter>
    </ClCompile>
    <ClCompile Include="dynamic_programming\dynapro_denominations.cpp">
      <Filter>Source Files</Filter>
    </ClCompile>
    <ClCompile Include="dynamic_programming\dynapro_fair_partition.cpp">
      <Filter>Source Files</Filter>
    </ClCompile>
    <ClCompile Include="dynamic_programming\dynapro_library_shelves.cpp">
      <Filter>Source Files</Filter>
    </ClCompile>
    <ClCompile Include="dynamic_programming\dynapro_longest_sub_sequence.cpp">
      <Filter>Source Files</Filter>
    </ClCompile>
    <ClCompile Include="dynamic_programming\dynapro_shuffle.cpp">
      <Filter>Source Files</Filter>
    </ClCompile>
    <ClCompile Include="dynamic_programming\dynapro_string_break.cpp">
      <Filter>Source Files</Filter>
    </ClCompile>
    <ClCompile Include="dynamic_programming\dynapro_string_compression.cpp">
      <Filter>Source Files</Filter>
    </ClCompile>
    <ClCompile Include="dynamic_programming\dynapro_win_probability.cpp">
      <Filter>Source Files</Filter>
    </ClCompile>
    <ClCompile Include="geometry\convex_hull.cpp">
      <Filter>Source Files</Filter>
    </ClCompile>
    <ClCompile Include="geometry\line_segment_intersection.cpp">
      <Filter>Source Files</Filter>
    </ClCompile>
    <ClCompile Include="geometry\triangulation.cpp">
      <Filter>Source Files</Filter>
    </ClCompile>
    <ClCompile Include="graphs\edmondkarp_maxflow.cpp">
      <Filter>Source Files</Filter>
    </ClCompile>
    <ClCompile Include="graphs\floyd.cpp">
      <Filter>Source Files</Filter>
    </ClCompile>
    <ClCompile Include="graphs\gaffe.cpp">
      <Filter>Source Files</Filter>
    </ClCompile>
    <ClCompile Include="graphs\graph_lite.cpp">
      <Filter>Source Files</Filter>
    </ClCompile>
    <ClCompile Include="graphs\mincost_matching.cpp">
      <Filter>Source Files</Filter>
    </ClCompile>
    <ClCompile Include="graphs\topological_sort.cpp">
      <Filter>Source Files</Filter>
    </ClCompile>
    <ClCompile Include="grid_traversals\a-star.cpp">
      <Filter>Source Files</Filter>
    </ClCompile>
    <ClCompile Include="grid_traversals\concentric_rhombi.cpp">
      <Filter>Source Files</Filter>
    </ClCompile>
    <ClCompile Include="grid_traversals\concentric_squares.cpp">
      <Filter>Source Files</Filter>
    </ClCompile>
    <ClCompile Include="grid_traversals\gravitate.cpp">
      <Filter>Source Files</Filter>
    </ClCompile>
    <ClCompile Include="grid_traversals\knight.cpp">
      <Filter>Source Files</Filter>
    </ClCompile>
    <ClCompile Include="grid_traversals\raster_scan.cpp">
      <Filter>Source Files</Filter>
    </ClCompile>
    <ClCompile Include="grid_traversals\spiral.cpp">
      <Filter>Source Files</Filter>
    </ClCompile>
    <ClCompile Include="grid_traversals\zigzag.cpp">
      <Filter>Source Files</Filter>
    </ClCompile>
    <ClCompile Include="practice\practice.cpp">
      <Filter>Source Files</Filter>
    </ClCompile>
    <ClCompile Include="practice\cpractice.c">
      <Filter>Source Files</Filter>
    </ClCompile>
    <ClCompile Include="strings\cstring_quicksort.cpp">
      <Filter>Source Files</Filter>
    </ClCompile>
    <ClCompile Include="strings\cstring_sort.cpp">
      <Filter>Source Files</Filter>
    </ClCompile>
    <ClCompile Include="strings\horspool.cpp">
      <Filter>Source Files</Filter>
    </ClCompile>
    <ClCompile Include="strings\kmp.cpp">
      <Filter>Source Files</Filter>
    </ClCompile>
    <ClCompile Include="strings\regex_vexation.cpp">
      <Filter>Source Files</Filter>
    </ClCompile>
    <ClCompile Include="strings\suffix_arrays.cpp">
      <Filter>Source Files</Filter>
    </ClCompile>
    <ClCompile Include="trees\heap.cpp">
      <Filter>Source Files</Filter>
    </ClCompile>
    <ClCompile Include="trees\max_heap.cpp">
      <Filter>Source Files</Filter>
    </ClCompile>
    <ClCompile Include="trees\treaps.cpp">
      <Filter>Source Files</Filter>
    </ClCompile>
    <ClCompile Include="value_semantics\assignmentop.cpp">
      <Filter>Source Files</Filter>
    </ClCompile>
    <ClCompile Include="value_semantics\myvector.cpp">
      <Filter>Source Files</Filter>
    </ClCompile>
    <ClCompile Include="value_semantics\practice1.cpp">
      <Filter>Source Files</Filter>
    </ClCompile>
    <ClCompile Include="value_semantics\talksource.cpp">
      <Filter>Source Files</Filter>
    </ClCompile>
    <ClCompile Include="value_semantics\type_erasure.cpp">
      <Filter>Source Files</Filter>
    </ClCompile>
    <ClCompile Include="assorted\bitwiddling.c">
      <Filter>Source Files</Filter>
    </ClCompile>
    <ClCompile Include="volatile\volatile.cpp">
      <Filter>Source Files</Filter>
    </ClCompile>
    <ClCompile Include="strings\formula_to_number.cpp">
      <Filter>Source Files</Filter>
    </ClCompile>
  </ItemGroup>
  <ItemGroup>
    <ClInclude Include="geometry\geometry.h">
      <Filter>Header Files</Filter>
    </ClInclude>
    <ClInclude Include="grid_traversals\grid_traversals.h">
      <Filter>Header Files</Filter>
    </ClInclude>
  </ItemGroup>
</Project>